// !$*UTF8*$!
{
	archiveVersion = 1;
	classes = {
	};
	objectVersion = 46;
	objects = {

/* Begin PBXBuildFile section */
		56CFEC281EBB3D2900FCE193 /* main.m in Sources */ = {isa = PBXBuildFile; fileRef = 56CFEC271EBB3D2900FCE193 /* main.m */; };
		56CFEC301EBB40EB00FCE193 /* Building.m in Sources */ = {isa = PBXBuildFile; fileRef = 56CFEC2F1EBB40EB00FCE193 /* Building.m */; };
		56CFEC331EBB449B00FCE193 /* CarWash.m in Sources */ = {isa = PBXBuildFile; fileRef = 56CFEC321EBB449B00FCE193 /* CarWash.m */; };
		56CFEC361EBB44A900FCE193 /* Office.m in Sources */ = {isa = PBXBuildFile; fileRef = 56CFEC351EBB44A900FCE193 /* Office.m */; };
		56CFEC391EBB452B00FCE193 /* Car.m in Sources */ = {isa = PBXBuildFile; fileRef = 56CFEC381EBB452B00FCE193 /* Car.m */; };
		56CFEC3D1EBB468200FCE193 /* Worker.m in Sources */ = {isa = PBXBuildFile; fileRef = 56CFEC3C1EBB468200FCE193 /* Worker.m */; };
		56CFEC401EBB473B00FCE193 /* CarWasher.m in Sources */ = {isa = PBXBuildFile; fileRef = 56CFEC3F1EBB473B00FCE193 /* CarWasher.m */; };
		56CFEC431EBB478300FCE193 /* Accountant.m in Sources */ = {isa = PBXBuildFile; fileRef = 56CFEC421EBB478300FCE193 /* Accountant.m */; };
		56CFEC461EBB47C500FCE193 /* Boss.m in Sources */ = {isa = PBXBuildFile; fileRef = 56CFEC451EBB47C500FCE193 /* Boss.m */; };
/* End PBXBuildFile section */

/* Begin PBXCopyFilesBuildPhase section */
		56CFEC221EBB3D2900FCE193 /* CopyFiles */ = {
			isa = PBXCopyFilesBuildPhase;
			buildActionMask = 2147483647;
			dstPath = /usr/share/man/man1/;
			dstSubfolderSpec = 0;
			files = (
			);
			runOnlyForDeploymentPostprocessing = 1;
		};
/* End PBXCopyFilesBuildPhase section */

/* Begin PBXFileReference section */
		56CFEC241EBB3D2900FCE193 /* Task03_ObjC */ = {isa = PBXFileReference; explicitFileType = "compiled.mach-o.executable"; includeInIndex = 0; path = Task03_ObjC; sourceTree = BUILT_PRODUCTS_DIR; };
		56CFEC271EBB3D2900FCE193 /* main.m */ = {isa = PBXFileReference; lastKnownFileType = sourcecode.c.objc; path = main.m; sourceTree = "<group>"; };
		56CFEC2E1EBB40EB00FCE193 /* Building.h */ = {isa = PBXFileReference; fileEncoding = 4; lastKnownFileType = sourcecode.c.h; path = Building.h; sourceTree = "<group>"; };
		56CFEC2F1EBB40EB00FCE193 /* Building.m */ = {isa = PBXFileReference; fileEncoding = 4; lastKnownFileType = sourcecode.c.objc; path = Building.m; sourceTree = "<group>"; };
		56CFEC311EBB449B00FCE193 /* CarWash.h */ = {isa = PBXFileReference; fileEncoding = 4; lastKnownFileType = sourcecode.c.h; path = CarWash.h; sourceTree = "<group>"; };
		56CFEC321EBB449B00FCE193 /* CarWash.m */ = {isa = PBXFileReference; fileEncoding = 4; lastKnownFileType = sourcecode.c.objc; path = CarWash.m; sourceTree = "<group>"; };
		56CFEC341EBB44A900FCE193 /* Office.h */ = {isa = PBXFileReference; fileEncoding = 4; lastKnownFileType = sourcecode.c.h; path = Office.h; sourceTree = "<group>"; };
		56CFEC351EBB44A900FCE193 /* Office.m */ = {isa = PBXFileReference; fileEncoding = 4; lastKnownFileType = sourcecode.c.objc; path = Office.m; sourceTree = "<group>"; };
		56CFEC371EBB452B00FCE193 /* Car.h */ = {isa = PBXFileReference; fileEncoding = 4; lastKnownFileType = sourcecode.c.h; path = Car.h; sourceTree = "<group>"; };
		56CFEC381EBB452B00FCE193 /* Car.m */ = {isa = PBXFileReference; fileEncoding = 4; lastKnownFileType = sourcecode.c.objc; path = Car.m; sourceTree = "<group>"; };
		56CFEC3B1EBB468200FCE193 /* Worker.h */ = {isa = PBXFileReference; fileEncoding = 4; lastKnownFileType = sourcecode.c.h; path = Worker.h; sourceTree = "<group>"; };
		56CFEC3C1EBB468200FCE193 /* Worker.m */ = {isa = PBXFileReference; fileEncoding = 4; lastKnownFileType = sourcecode.c.objc; path = Worker.m; sourceTree = "<group>"; };
		56CFEC3E1EBB473B00FCE193 /* CarWasher.h */ = {isa = PBXFileReference; fileEncoding = 4; lastKnownFileType = sourcecode.c.h; path = CarWasher.h; sourceTree = "<group>"; };
		56CFEC3F1EBB473B00FCE193 /* CarWasher.m */ = {isa = PBXFileReference; fileEncoding = 4; lastKnownFileType = sourcecode.c.objc; path = CarWasher.m; sourceTree = "<group>"; };
		56CFEC411EBB478300FCE193 /* Accountant.h */ = {isa = PBXFileReference; fileEncoding = 4; lastKnownFileType = sourcecode.c.h; path = Accountant.h; sourceTree = "<group>"; };
		56CFEC421EBB478300FCE193 /* Accountant.m */ = {isa = PBXFileReference; fileEncoding = 4; lastKnownFileType = sourcecode.c.objc; path = Accountant.m; sourceTree = "<group>"; };
		56CFEC441EBB47C500FCE193 /* Boss.h */ = {isa = PBXFileReference; fileEncoding = 4; lastKnownFileType = sourcecode.c.h; path = Boss.h; sourceTree = "<group>"; };
		56CFEC451EBB47C500FCE193 /* Boss.m */ = {isa = PBXFileReference; fileEncoding = 4; lastKnownFileType = sourcecode.c.objc; path = Boss.m; sourceTree = "<group>"; };
/* End PBXFileReference section */

/* Begin PBXFrameworksBuildPhase section */
		56CFEC211EBB3D2900FCE193 /* Frameworks */ = {
			isa = PBXFrameworksBuildPhase;
			buildActionMask = 2147483647;
			files = (
			);
			runOnlyForDeploymentPostprocessing = 0;
		};
/* End PBXFrameworksBuildPhase section */

/* Begin PBXGroup section */
		56CFEC1B1EBB3D2900FCE193 = {
			isa = PBXGroup;
			children = (
				56CFEC261EBB3D2900FCE193 /* Task03_ObjC */,
				56CFEC251EBB3D2900FCE193 /* Products */,
			);
			sourceTree = "<group>";
		};
		56CFEC251EBB3D2900FCE193 /* Products */ = {
			isa = PBXGroup;
			children = (
				56CFEC241EBB3D2900FCE193 /* Task03_ObjC */,
			);
			name = Products;
			sourceTree = "<group>";
		};
		56CFEC261EBB3D2900FCE193 /* Task03_ObjC */ = {
			isa = PBXGroup;
			children = (
				56CFEC4B1EBB4D1500FCE193 /* Buildings */,
				56CFEC3A1EBB466C00FCE193 /* Workers */,
				56CFEC271EBB3D2900FCE193 /* main.m */,
			);
			path = Task03_ObjC;
			sourceTree = "<group>";
		};
		56CFEC3A1EBB466C00FCE193 /* Workers */ = {
			isa = PBXGroup;
			children = (
				56CFEC3B1EBB468200FCE193 /* Worker.h */,
				56CFEC3E1EBB473B00FCE193 /* CarWasher.h */,
				56CFEC371EBB452B00FCE193 /* Car.h */,
				56CFEC381EBB452B00FCE193 /* Car.m */,
				56CFEC3F1EBB473B00FCE193 /* CarWasher.m */,
				56CFEC3C1EBB468200FCE193 /* Worker.m */,
				56CFEC411EBB478300FCE193 /* Accountant.h */,
				56CFEC421EBB478300FCE193 /* Accountant.m */,
				56CFEC441EBB47C500FCE193 /* Boss.h */,
				56CFEC451EBB47C500FCE193 /* Boss.m */,
			);
			name = Workers;
			sourceTree = "<group>";
		};
		56CFEC4B1EBB4D1500FCE193 /* Buildings */ = {
			isa = PBXGroup;
			children = (
				56CFEC2E1EBB40EB00FCE193 /* Building.h */,
				56CFEC2F1EBB40EB00FCE193 /* Building.m */,
				56CFEC341EBB44A900FCE193 /* Office.h */,
				56CFEC351EBB44A900FCE193 /* Office.m */,
				56CFEC311EBB449B00FCE193 /* CarWash.h */,
				56CFEC321EBB449B00FCE193 /* CarWash.m */,
			);
			name = Buildings;
			sourceTree = "<group>";
		};
/* End PBXGroup section */

/* Begin PBXNativeTarget section */
		56CFEC231EBB3D2900FCE193 /* Task03_ObjC */ = {
			isa = PBXNativeTarget;
			buildConfigurationList = 56CFEC2B1EBB3D2900FCE193 /* Build configuration list for PBXNativeTarget "Task03_ObjC" */;
			buildPhases = (
				56CFEC201EBB3D2900FCE193 /* Sources */,
				56CFEC211EBB3D2900FCE193 /* Frameworks */,
				56CFEC221EBB3D2900FCE193 /* CopyFiles */,
			);
			buildRules = (
			);
			dependencies = (
			);
			name = Task03_ObjC;
			productName = Task03_ObjC;
			productReference = 56CFEC241EBB3D2900FCE193 /* Task03_ObjC */;
			productType = "com.apple.product-type.tool";
		};
/* End PBXNativeTarget section */

/* Begin PBXProject section */
		56CFEC1C1EBB3D2900FCE193 /* Project object */ = {
			isa = PBXProject;
			attributes = {
				LastUpgradeCheck = 0820;
				ORGANIZATIONNAME = Student003;
				TargetAttributes = {
					56CFEC231EBB3D2900FCE193 = {
						CreatedOnToolsVersion = 8.2.1;
						ProvisioningStyle = Automatic;
					};
				};
			};
			buildConfigurationList = 56CFEC1F1EBB3D2900FCE193 /* Build configuration list for PBXProject "Task03_ObjC" */;
			compatibilityVersion = "Xcode 3.2";
			developmentRegion = English;
			hasScannedForEncodings = 0;
			knownRegions = (
				en,
			);
			mainGroup = 56CFEC1B1EBB3D2900FCE193;
			productRefGroup = 56CFEC251EBB3D2900FCE193 /* Products */;
			projectDirPath = "";
			projectRoot = "";
			targets = (
				56CFEC231EBB3D2900FCE193 /* Task03_ObjC */,
			);
		};
/* End PBXProject section */

/* Begin PBXSourcesBuildPhase section */
		56CFEC201EBB3D2900FCE193 /* Sources */ = {
			isa = PBXSourcesBuildPhase;
			buildActionMask = 2147483647;
			files = (
				56CFEC391EBB452B00FCE193 /* Car.m in Sources */,
				56CFEC3D1EBB468200FCE193 /* Worker.m in Sources */,
				56CFEC401EBB473B00FCE193 /* CarWasher.m in Sources */,
				56CFEC281EBB3D2900FCE193 /* main.m in Sources */,
				56CFEC301EBB40EB00FCE193 /* Building.m in Sources */,
				56CFEC331EBB449B00FCE193 /* CarWash.m in Sources */,
				56CFEC461EBB47C500FCE193 /* Boss.m in Sources */,
				56CFEC361EBB44A900FCE193 /* Office.m in Sources */,
				56CFEC431EBB478300FCE193 /* Accountant.m in Sources */,
			);
			runOnlyForDeploymentPostprocessing = 0;
		};
/* End PBXSourcesBuildPhase section */

/* Begin XCBuildConfiguration section */
		56CFEC291EBB3D2900FCE193 /* Debug */ = {
			isa = XCBuildConfiguration;
			buildSettings = {
				ALWAYS_SEARCH_USER_PATHS = NO;
				CLANG_ANALYZER_NONNULL = YES;
				CLANG_CXX_LANGUAGE_STANDARD = "gnu++0x";
				CLANG_CXX_LIBRARY = "libc++";
				CLANG_ENABLE_MODULES = YES;
				CLANG_ENABLE_OBJC_ARC = NO;
				CLANG_WARN_BOOL_CONVERSION = YES;
				CLANG_WARN_CONSTANT_CONVERSION = YES;
				CLANG_WARN_DIRECT_OBJC_ISA_USAGE = YES_ERROR;
				CLANG_WARN_DOCUMENTATION_COMMENTS = YES;
				CLANG_WARN_EMPTY_BODY = YES;
				CLANG_WARN_ENUM_CONVERSION = YES;
				CLANG_WARN_INFINITE_RECURSION = YES;
				CLANG_WARN_INT_CONVERSION = YES;
				CLANG_WARN_OBJC_ROOT_CLASS = YES_ERROR;
				CLANG_WARN_SUSPICIOUS_MOVE = YES;
				CLANG_WARN_UNREACHABLE_CODE = YES;
				CLANG_WARN__DUPLICATE_METHOD_MATCH = YES;
				CODE_SIGN_IDENTITY = "-";
				COPY_PHASE_STRIP = NO;
				DEBUG_INFORMATION_FORMAT = dwarf;
				ENABLE_STRICT_OBJC_MSGSEND = YES;
				ENABLE_TESTABILITY = YES;
				GCC_C_LANGUAGE_STANDARD = gnu99;
				GCC_DYNAMIC_NO_PIC = NO;
				GCC_NO_COMMON_BLOCKS = YES;
				GCC_OPTIMIZATION_LEVEL = 0;
				GCC_PREPROCESSOR_DEFINITIONS = (
					"DEBUG=1",
					"$(inherited)",
				);
				GCC_WARN_64_TO_32_BIT_CONVERSION = YES;
				GCC_WARN_ABOUT_RETURN_TYPE = YES_ERROR;
				GCC_WARN_UNDECLARED_SELECTOR = YES;
				GCC_WARN_UNINITIALIZED_AUTOS = YES_AGGRESSIVE;
				GCC_WARN_UNUSED_FUNCTION = YES;
				GCC_WARN_UNUSED_VARIABLE = YES;
				MACOSX_DEPLOYMENT_TARGET = 10.12;
				MTL_ENABLE_DEBUG_INFO = YES;
				ONLY_ACTIVE_ARCH = YES;
				SDKROOT = macosx;
			};
			name = Debug;
		};
		56CFEC2A1EBB3D2900FCE193 /* Release */ = {
			isa = XCBuildConfiguration;
			buildSettings = {
				ALWAYS_SEARCH_USER_PATHS = NO;
				CLANG_ANALYZER_NONNULL = YES;
				CLANG_CXX_LANGUAGE_STANDARD = "gnu++0x";
				CLANG_CXX_LIBRARY = "libc++";
				CLANG_ENABLE_MODULES = YES;
				CLANG_ENABLE_OBJC_ARC = NO;
				CLANG_WARN_BOOL_CONVERSION = YES;
				CLANG_WARN_CONSTANT_CONVERSION = YES;
				CLANG_WARN_DIRECT_OBJC_ISA_USAGE = YES_ERROR;
				CLANG_WARN_DOCUMENTATION_COMMENTS = YES;
				CLANG_WARN_EMPTY_BODY = YES;
				CLANG_WARN_ENUM_CONVERSION = YES;
				CLANG_WARN_INFINITE_RECURSION = YES;
				CLANG_WARN_INT_CONVERSION = YES;
				CLANG_WARN_OBJC_ROOT_CLASS = YES_ERROR;
				CLANG_WARN_SUSPICIOUS_MOVE = YES;
				CLANG_WARN_UNREACHABLE_CODE = YES;
				CLANG_WARN__DUPLICATE_METHOD_MATCH = YES;
				CODE_SIGN_IDENTITY = "-";
				COPY_PHASE_STRIP = NO;
				DEBUG_INFORMATION_FORMAT = "dwarf-with-dsym";
				ENABLE_NS_ASSERTIONS = NO;
				ENABLE_STRICT_OBJC_MSGSEND = YES;
				GCC_C_LANGUAGE_STANDARD = gnu99;
				GCC_NO_COMMON_BLOCKS = YES;
				GCC_WARN_64_TO_32_BIT_CONVERSION = YES;
				GCC_WARN_ABOUT_RETURN_TYPE = YES_ERROR;
				GCC_WARN_UNDECLARED_SELECTOR = YES;
				GCC_WARN_UNINITIALIZED_AUTOS = YES_AGGRESSIVE;
				GCC_WARN_UNUSED_FUNCTION = YES;
				GCC_WARN_UNUSED_VARIABLE = YES;
				MACOSX_DEPLOYMENT_TARGET = 10.12;
				MTL_ENABLE_DEBUG_INFO = NO;
				SDKROOT = macosx;
			};
			name = Release;
		};
		56CFEC2C1EBB3D2900FCE193 /* Debug */ = {
			isa = XCBuildConfiguration;
			buildSettings = {
				PRODUCT_NAME = "$(TARGET_NAME)";
			};
			name = Debug;
		};
		56CFEC2D1EBB3D2900FCE193 /* Release */ = {
			isa = XCBuildConfiguration;
			buildSettings = {
				PRODUCT_NAME = "$(TARGET_NAME)";
			};
			name = Release;
		};
/* End XCBuildConfiguration section */

/* Begin XCConfigurationList section */
		56CFEC1F1EBB3D2900FCE193 /* Build configuration list for PBXProject "Task03_ObjC" */ = {
			isa = XCConfigurationList;
			buildConfigurations = (
				56CFEC291EBB3D2900FCE193 /* Debug */,
				56CFEC2A1EBB3D2900FCE193 /* Release */,
			);
			defaultConfigurationIsVisible = 0;
			defaultConfigurationName = Release;
		};
		56CFEC2B1EBB3D2900FCE193 /* Build configuration list for PBXNativeTarget "Task03_ObjC" */ = {
			isa = XCConfigurationList;
			buildConfigurations = (
				56CFEC2C1EBB3D2900FCE193 /* Debug */,
				56CFEC2D1EBB3D2900FCE193 /* Release */,
			);
			defaultConfigurationIsVisible = 0;
		};
/* End XCConfigurationList section */
	};
	rootObject = 56CFEC1C1EBB3D2900FCE193 /* Project object */;
}
