// !$*UTF8*$!
{
	archiveVersion = 1;
	classes = {
	};
	objectVersion = 46;
	objects = {

/* Begin PBXBuildFile section */
		56725C551EC0612C002D550D /* IDPConstants.m in Sources */ = {isa = PBXBuildFile; fileRef = 56725C541EC0612C002D550D /* IDPConstants.m */; };
		56725C581EC0613B002D550D /* IDPRandom.m in Sources */ = {isa = PBXBuildFile; fileRef = 56725C571EC0613B002D550D /* IDPRandom.m */; };
		56CFEC281EBB3D2900FCE193 /* main.m in Sources */ = {isa = PBXBuildFile; fileRef = 56CFEC271EBB3D2900FCE193 /* main.m */; };
		56CFEC301EBB40EB00FCE193 /* IDPBuilding.m in Sources */ = {isa = PBXBuildFile; fileRef = 56CFEC2F1EBB40EB00FCE193 /* IDPBuilding.m */; };
		56CFEC391EBB452B00FCE193 /* IDPCar.m in Sources */ = {isa = PBXBuildFile; fileRef = 56CFEC381EBB452B00FCE193 /* IDPCar.m */; };
		56CFEC3D1EBB468200FCE193 /* IDPWorker.m in Sources */ = {isa = PBXBuildFile; fileRef = 56CFEC3C1EBB468200FCE193 /* IDPWorker.m */; };
		56CFEC401EBB473B00FCE193 /* IDPCarWasher.m in Sources */ = {isa = PBXBuildFile; fileRef = 56CFEC3F1EBB473B00FCE193 /* IDPCarWasher.m */; };
		56CFEC431EBB478300FCE193 /* IDPAccountant.m in Sources */ = {isa = PBXBuildFile; fileRef = 56CFEC421EBB478300FCE193 /* IDPAccountant.m */; };
		56CFEC461EBB47C500FCE193 /* IDPDirector.m in Sources */ = {isa = PBXBuildFile; fileRef = 56CFEC451EBB47C500FCE193 /* IDPDirector.m */; };
		844380D01EC1F0930097CBBD /* NSArray+IDPExtensions.m in Sources */ = {isa = PBXBuildFile; fileRef = 844380CF1EC1F0930097CBBD /* NSArray+IDPExtensions.m */; };
		844380D31EC1F09A0097CBBD /* NSObject+IDPExtensions.m in Sources */ = {isa = PBXBuildFile; fileRef = 844380D21EC1F09A0097CBBD /* NSObject+IDPExtensions.m */; };
		844380D61EC259490097CBBD /* IDPEnterprise.m in Sources */ = {isa = PBXBuildFile; fileRef = 844380D51EC259490097CBBD /* IDPEnterprise.m */; };
		84D992221EBF508F00D6372F /* IDPCarWashTests.m in Sources */ = {isa = PBXBuildFile; fileRef = 84D992211EBF508F00D6372F /* IDPCarWashTests.m */; };
		84D992261EBF585500D6372F /* IDPRoom.m in Sources */ = {isa = PBXBuildFile; fileRef = 84D992251EBF585500D6372F /* IDPRoom.m */; };
		84D992351EBF689200D6372F /* NSMutableArray+IDPExtensions.m in Sources */ = {isa = PBXBuildFile; fileRef = 84D992341EBF689200D6372F /* NSMutableArray+IDPExtensions.m */; };
		84D992381EBF6C8700D6372F /* IDPCarRoom.m in Sources */ = {isa = PBXBuildFile; fileRef = 84D992371EBF6C8700D6372F /* IDPCarRoom.m */; };
/* End PBXBuildFile section */

/* Begin PBXCopyFilesBuildPhase section */
		56CFEC221EBB3D2900FCE193 /* CopyFiles */ = {
			isa = PBXCopyFilesBuildPhase;
			buildActionMask = 2147483647;
			dstPath = /usr/share/man/man1/;
			dstSubfolderSpec = 0;
			files = (
			);
			runOnlyForDeploymentPostprocessing = 1;
		};
/* End PBXCopyFilesBuildPhase section */

/* Begin PBXFileReference section */
		56725C531EC06123002D550D /* IDPConstants.h */ = {isa = PBXFileReference; lastKnownFileType = sourcecode.c.h; path = IDPConstants.h; sourceTree = "<group>"; };
		56725C541EC0612C002D550D /* IDPConstants.m */ = {isa = PBXFileReference; fileEncoding = 4; lastKnownFileType = sourcecode.c.objc; path = IDPConstants.m; sourceTree = "<group>"; };
		56725C561EC06136002D550D /* IDPRandom.h */ = {isa = PBXFileReference; lastKnownFileType = sourcecode.c.h; path = IDPRandom.h; sourceTree = "<group>"; };
		56725C571EC0613B002D550D /* IDPRandom.m */ = {isa = PBXFileReference; fileEncoding = 4; lastKnownFileType = sourcecode.c.objc; path = IDPRandom.m; sourceTree = "<group>"; };
		56725C591EC0661D002D550D /* IDPMoneyProtocol.h */ = {isa = PBXFileReference; fileEncoding = 4; lastKnownFileType = sourcecode.c.h; path = IDPMoneyProtocol.h; sourceTree = "<group>"; };
		56CFEC241EBB3D2900FCE193 /* Task03_ObjC */ = {isa = PBXFileReference; explicitFileType = "compiled.mach-o.executable"; includeInIndex = 0; path = Task03_ObjC; sourceTree = BUILT_PRODUCTS_DIR; };
		56CFEC271EBB3D2900FCE193 /* main.m */ = {isa = PBXFileReference; lastKnownFileType = sourcecode.c.objc; path = main.m; sourceTree = "<group>"; };
		56CFEC2E1EBB40EB00FCE193 /* IDPBuilding.h */ = {isa = PBXFileReference; fileEncoding = 4; lastKnownFileType = sourcecode.c.h; path = IDPBuilding.h; sourceTree = "<group>"; };
		56CFEC2F1EBB40EB00FCE193 /* IDPBuilding.m */ = {isa = PBXFileReference; fileEncoding = 4; lastKnownFileType = sourcecode.c.objc; path = IDPBuilding.m; sourceTree = "<group>"; };
		56CFEC371EBB452B00FCE193 /* IDPCar.h */ = {isa = PBXFileReference; fileEncoding = 4; lastKnownFileType = sourcecode.c.h; path = IDPCar.h; sourceTree = "<group>"; };
		56CFEC381EBB452B00FCE193 /* IDPCar.m */ = {isa = PBXFileReference; fileEncoding = 4; lastKnownFileType = sourcecode.c.objc; path = IDPCar.m; sourceTree = "<group>"; };
		56CFEC3B1EBB468200FCE193 /* IDPWorker.h */ = {isa = PBXFileReference; fileEncoding = 4; lastKnownFileType = sourcecode.c.h; path = IDPWorker.h; sourceTree = "<group>"; };
		56CFEC3C1EBB468200FCE193 /* IDPWorker.m */ = {isa = PBXFileReference; fileEncoding = 4; lastKnownFileType = sourcecode.c.objc; path = IDPWorker.m; sourceTree = "<group>"; };
		56CFEC3E1EBB473B00FCE193 /* IDPCarWasher.h */ = {isa = PBXFileReference; fileEncoding = 4; lastKnownFileType = sourcecode.c.h; path = IDPCarWasher.h; sourceTree = "<group>"; };
		56CFEC3F1EBB473B00FCE193 /* IDPCarWasher.m */ = {isa = PBXFileReference; fileEncoding = 4; lastKnownFileType = sourcecode.c.objc; path = IDPCarWasher.m; sourceTree = "<group>"; };
		56CFEC411EBB478300FCE193 /* IDPAccountant.h */ = {isa = PBXFileReference; fileEncoding = 4; lastKnownFileType = sourcecode.c.h; path = IDPAccountant.h; sourceTree = "<group>"; };
		56CFEC421EBB478300FCE193 /* IDPAccountant.m */ = {isa = PBXFileReference; fileEncoding = 4; lastKnownFileType = sourcecode.c.objc; path = IDPAccountant.m; sourceTree = "<group>"; };
		56CFEC441EBB47C500FCE193 /* IDPDirector.h */ = {isa = PBXFileReference; fileEncoding = 4; lastKnownFileType = sourcecode.c.h; path = IDPDirector.h; sourceTree = "<group>"; };
		56CFEC451EBB47C500FCE193 /* IDPDirector.m */ = {isa = PBXFileReference; fileEncoding = 4; lastKnownFileType = sourcecode.c.objc; path = IDPDirector.m; sourceTree = "<group>"; };
		844380CE1EC1F0930097CBBD /* NSArray+IDPExtensions.h */ = {isa = PBXFileReference; fileEncoding = 4; lastKnownFileType = sourcecode.c.h; path = "NSArray+IDPExtensions.h"; sourceTree = "<group>"; };
		844380CF1EC1F0930097CBBD /* NSArray+IDPExtensions.m */ = {isa = PBXFileReference; fileEncoding = 4; lastKnownFileType = sourcecode.c.objc; path = "NSArray+IDPExtensions.m"; sourceTree = "<group>"; };
		844380D11EC1F09A0097CBBD /* NSObject+IDPExtensions.h */ = {isa = PBXFileReference; fileEncoding = 4; lastKnownFileType = sourcecode.c.h; path = "NSObject+IDPExtensions.h"; sourceTree = "<group>"; };
		844380D21EC1F09A0097CBBD /* NSObject+IDPExtensions.m */ = {isa = PBXFileReference; fileEncoding = 4; lastKnownFileType = sourcecode.c.objc; path = "NSObject+IDPExtensions.m"; sourceTree = "<group>"; };
		844380D41EC259490097CBBD /* IDPEnterprise.h */ = {isa = PBXFileReference; fileEncoding = 4; lastKnownFileType = sourcecode.c.h; path = IDPEnterprise.h; sourceTree = "<group>"; };
		844380D51EC259490097CBBD /* IDPEnterprise.m */ = {isa = PBXFileReference; fileEncoding = 4; lastKnownFileType = sourcecode.c.objc; path = IDPEnterprise.m; sourceTree = "<group>"; };
		84D992201EBF508F00D6372F /* IDPCarWashTests.h */ = {isa = PBXFileReference; fileEncoding = 4; lastKnownFileType = sourcecode.c.h; path = IDPCarWashTests.h; sourceTree = "<group>"; };
		84D992211EBF508F00D6372F /* IDPCarWashTests.m */ = {isa = PBXFileReference; fileEncoding = 4; lastKnownFileType = sourcecode.c.objc; path = IDPCarWashTests.m; sourceTree = "<group>"; };
		84D992241EBF585500D6372F /* IDPRoom.h */ = {isa = PBXFileReference; fileEncoding = 4; lastKnownFileType = sourcecode.c.h; path = IDPRoom.h; sourceTree = "<group>"; };
		84D992251EBF585500D6372F /* IDPRoom.m */ = {isa = PBXFileReference; fileEncoding = 4; lastKnownFileType = sourcecode.c.objc; path = IDPRoom.m; sourceTree = "<group>"; };
		84D992331EBF689200D6372F /* NSMutableArray+IDPExtensions.h */ = {isa = PBXFileReference; fileEncoding = 4; lastKnownFileType = sourcecode.c.h; path = "NSMutableArray+IDPExtensions.h"; sourceTree = "<group>"; };
		84D992341EBF689200D6372F /* NSMutableArray+IDPExtensions.m */ = {isa = PBXFileReference; fileEncoding = 4; lastKnownFileType = sourcecode.c.objc; path = "NSMutableArray+IDPExtensions.m"; sourceTree = "<group>"; };
		84D992361EBF6C8700D6372F /* IDPCarRoom.h */ = {isa = PBXFileReference; fileEncoding = 4; lastKnownFileType = sourcecode.c.h; path = IDPCarRoom.h; sourceTree = "<group>"; };
		84D992371EBF6C8700D6372F /* IDPCarRoom.m */ = {isa = PBXFileReference; fileEncoding = 4; lastKnownFileType = sourcecode.c.objc; path = IDPCarRoom.m; sourceTree = "<group>"; };
/* End PBXFileReference section */

/* Begin PBXFrameworksBuildPhase section */
		56CFEC211EBB3D2900FCE193 /* Frameworks */ = {
			isa = PBXFrameworksBuildPhase;
			buildActionMask = 2147483647;
			files = (
			);
			runOnlyForDeploymentPostprocessing = 0;
		};
/* End PBXFrameworksBuildPhase section */

/* Begin PBXGroup section */
		56725C521EC060F3002D550D /* AuxiliaryLib */ = {
			isa = PBXGroup;
			children = (
				56725C531EC06123002D550D /* IDPConstants.h */,
				56725C541EC0612C002D550D /* IDPConstants.m */,
				56725C561EC06136002D550D /* IDPRandom.h */,
				56725C571EC0613B002D550D /* IDPRandom.m */,
			);
			name = AuxiliaryLib;
			sourceTree = "<group>";
		};
		56CFEC1B1EBB3D2900FCE193 = {
			isa = PBXGroup;
			children = (
				56CFEC261EBB3D2900FCE193 /* Task03_ObjC */,
				56CFEC251EBB3D2900FCE193 /* Products */,
			);
			sourceTree = "<group>";
		};
		56CFEC251EBB3D2900FCE193 /* Products */ = {
			isa = PBXGroup;
			children = (
				56CFEC241EBB3D2900FCE193 /* Task03_ObjC */,
			);
			name = Products;
			sourceTree = "<group>";
		};
		56CFEC261EBB3D2900FCE193 /* Task03_ObjC */ = {
			isa = PBXGroup;
			children = (
				84D9921E1EBF504200D6372F /* Sources */,
				56CFEC271EBB3D2900FCE193 /* main.m */,
				844380D41EC259490097CBBD /* IDPEnterprise.h */,
				844380D51EC259490097CBBD /* IDPEnterprise.m */,
			);
			path = Task03_ObjC;
			sourceTree = "<group>";
		};
		56CFEC3A1EBB466C00FCE193 /* Workers */ = {
			isa = PBXGroup;
			children = (
				56CFEC371EBB452B00FCE193 /* IDPCar.h */,
				56CFEC381EBB452B00FCE193 /* IDPCar.m */,
				56CFEC3B1EBB468200FCE193 /* IDPWorker.h */,
				56CFEC3C1EBB468200FCE193 /* IDPWorker.m */,
				56CFEC3E1EBB473B00FCE193 /* IDPCarWasher.h */,
				56CFEC3F1EBB473B00FCE193 /* IDPCarWasher.m */,
				56CFEC411EBB478300FCE193 /* IDPAccountant.h */,
				56CFEC421EBB478300FCE193 /* IDPAccountant.m */,
				56CFEC441EBB47C500FCE193 /* IDPDirector.h */,
				56CFEC451EBB47C500FCE193 /* IDPDirector.m */,
				56725C591EC0661D002D550D /* IDPMoneyProtocol.h */,
			);
			name = Workers;
			sourceTree = "<group>";
		};
		56CFEC4B1EBB4D1500FCE193 /* Buildings */ = {
			isa = PBXGroup;
			children = (
				56CFEC2E1EBB40EB00FCE193 /* IDPBuilding.h */,
				56CFEC2F1EBB40EB00FCE193 /* IDPBuilding.m */,
				84D992241EBF585500D6372F /* IDPRoom.h */,
				84D992251EBF585500D6372F /* IDPRoom.m */,
				84D992361EBF6C8700D6372F /* IDPCarRoom.h */,
				84D992371EBF6C8700D6372F /* IDPCarRoom.m */,
			);
			name = Buildings;
			sourceTree = "<group>";
		};
		84D9921E1EBF504200D6372F /* Sources */ = {
			isa = PBXGroup;
			children = (
				56725C521EC060F3002D550D /* AuxiliaryLib */,
				84D9922C1EBF600F00D6372F /* Extensions */,
				84D9921F1EBF506600D6372F /* Tests */,
				56CFEC4B1EBB4D1500FCE193 /* Buildings */,
				56CFEC3A1EBB466C00FCE193 /* Workers */,
			);
			name = Sources;
			sourceTree = "<group>";
		};
		84D9921F1EBF506600D6372F /* Tests */ = {
			isa = PBXGroup;
			children = (
				84D992201EBF508F00D6372F /* IDPCarWashTests.h */,
				84D992211EBF508F00D6372F /* IDPCarWashTests.m */,
			);
			name = Tests;
			sourceTree = "<group>";
		};
		84D9922C1EBF600F00D6372F /* Extensions */ = {
			isa = PBXGroup;
			children = (
				844380D11EC1F09A0097CBBD /* NSObject+IDPExtensions.h */,
				844380D21EC1F09A0097CBBD /* NSObject+IDPExtensions.m */,
				844380CE1EC1F0930097CBBD /* NSArray+IDPExtensions.h */,
				844380CF1EC1F0930097CBBD /* NSArray+IDPExtensions.m */,
				84D992331EBF689200D6372F /* NSMutableArray+IDPExtensions.h */,
				84D992341EBF689200D6372F /* NSMutableArray+IDPExtensions.m */,
			);
			name = Extensions;
			sourceTree = "<group>";
		};
/* End PBXGroup section */

/* Begin PBXNativeTarget section */
		56CFEC231EBB3D2900FCE193 /* Task03_ObjC */ = {
			isa = PBXNativeTarget;
			buildConfigurationList = 56CFEC2B1EBB3D2900FCE193 /* Build configuration list for PBXNativeTarget "Task03_ObjC" */;
			buildPhases = (
				56CFEC201EBB3D2900FCE193 /* Sources */,
				56CFEC211EBB3D2900FCE193 /* Frameworks */,
				56CFEC221EBB3D2900FCE193 /* CopyFiles */,
			);
			buildRules = (
			);
			dependencies = (
			);
			name = Task03_ObjC;
			productName = Task03_ObjC;
			productReference = 56CFEC241EBB3D2900FCE193 /* Task03_ObjC */;
			productType = "com.apple.product-type.tool";
		};
/* End PBXNativeTarget section */

/* Begin PBXProject section */
		56CFEC1C1EBB3D2900FCE193 /* Project object */ = {
			isa = PBXProject;
			attributes = {
				LastUpgradeCheck = 0820;
				ORGANIZATIONNAME = Student003;
				TargetAttributes = {
					56CFEC231EBB3D2900FCE193 = {
						CreatedOnToolsVersion = 8.2.1;
						ProvisioningStyle = Automatic;
					};
				};
			};
			buildConfigurationList = 56CFEC1F1EBB3D2900FCE193 /* Build configuration list for PBXProject "Task03_ObjC" */;
			compatibilityVersion = "Xcode 3.2";
			developmentRegion = English;
			hasScannedForEncodings = 0;
			knownRegions = (
				en,
			);
			mainGroup = 56CFEC1B1EBB3D2900FCE193;
			productRefGroup = 56CFEC251EBB3D2900FCE193 /* Products */;
			projectDirPath = "";
			projectRoot = "";
			targets = (
				56CFEC231EBB3D2900FCE193 /* Task03_ObjC */,
			);
		};
/* End PBXProject section */

/* Begin PBXSourcesBuildPhase section */
		56CFEC201EBB3D2900FCE193 /* Sources */ = {
			isa = PBXSourcesBuildPhase;
			buildActionMask = 2147483647;
			files = (
				56CFEC391EBB452B00FCE193 /* IDPCar.m in Sources */,
				56CFEC3D1EBB468200FCE193 /* IDPWorker.m in Sources */,
				56725C581EC0613B002D550D /* IDPRandom.m in Sources */,
				56725C551EC0612C002D550D /* IDPConstants.m in Sources */,
				56CFEC401EBB473B00FCE193 /* IDPCarWasher.m in Sources */,
				56CFEC281EBB3D2900FCE193 /* main.m in Sources */,
				56CFEC301EBB40EB00FCE193 /* IDPBuilding.m in Sources */,
				84D992381EBF6C8700D6372F /* IDPCarRoom.m in Sources */,
				844380D61EC259490097CBBD /* IDPEnterprise.m in Sources */,
				84D992221EBF508F00D6372F /* IDPCarWashTests.m in Sources */,
				56CFEC461EBB47C500FCE193 /* IDPDirector.m in Sources */,
				844380D01EC1F0930097CBBD /* NSArray+IDPExtensions.m in Sources */,
				84D992261EBF585500D6372F /* IDPRoom.m in Sources */,
				84D992351EBF689200D6372F /* NSMutableArray+IDPExtensions.m in Sources */,
				844380D31EC1F09A0097CBBD /* NSObject+IDPExtensions.m in Sources */,
				56CFEC431EBB478300FCE193 /* IDPAccountant.m in Sources */,
			);
			runOnlyForDeploymentPostprocessing = 0;
		};
/* End PBXSourcesBuildPhase section */

/* Begin XCBuildConfiguration section */
		56CFEC291EBB3D2900FCE193 /* Debug */ = {
			isa = XCBuildConfiguration;
			buildSettings = {
				ALWAYS_SEARCH_USER_PATHS = NO;
				CLANG_ANALYZER_NONNULL = YES;
				CLANG_CXX_LANGUAGE_STANDARD = "gnu++0x";
				CLANG_CXX_LIBRARY = "libc++";
				CLANG_ENABLE_MODULES = YES;
				CLANG_ENABLE_OBJC_ARC = NO;
				CLANG_WARN_BOOL_CONVERSION = YES;
				CLANG_WARN_CONSTANT_CONVERSION = YES;
				CLANG_WARN_DIRECT_OBJC_ISA_USAGE = YES_ERROR;
				CLANG_WARN_DOCUMENTATION_COMMENTS = YES;
				CLANG_WARN_EMPTY_BODY = YES;
				CLANG_WARN_ENUM_CONVERSION = YES;
				CLANG_WARN_INFINITE_RECURSION = YES;
				CLANG_WARN_INT_CONVERSION = YES;
				CLANG_WARN_OBJC_ROOT_CLASS = YES_ERROR;
				CLANG_WARN_SUSPICIOUS_MOVE = YES;
				CLANG_WARN_UNREACHABLE_CODE = YES;
				CLANG_WARN__DUPLICATE_METHOD_MATCH = YES;
				CODE_SIGN_IDENTITY = "-";
				COPY_PHASE_STRIP = NO;
				DEBUG_INFORMATION_FORMAT = dwarf;
				ENABLE_STRICT_OBJC_MSGSEND = YES;
				ENABLE_TESTABILITY = YES;
				GCC_C_LANGUAGE_STANDARD = gnu99;
				GCC_DYNAMIC_NO_PIC = NO;
				GCC_NO_COMMON_BLOCKS = YES;
				GCC_OPTIMIZATION_LEVEL = 0;
				GCC_PREPROCESSOR_DEFINITIONS = (
					"DEBUG=1",
					"$(inherited)",
				);
				GCC_WARN_64_TO_32_BIT_CONVERSION = YES;
				GCC_WARN_ABOUT_RETURN_TYPE = YES_ERROR;
				GCC_WARN_UNDECLARED_SELECTOR = YES;
				GCC_WARN_UNINITIALIZED_AUTOS = YES_AGGRESSIVE;
				GCC_WARN_UNUSED_FUNCTION = YES;
				GCC_WARN_UNUSED_VARIABLE = YES;
				MACOSX_DEPLOYMENT_TARGET = 10.12;
				MTL_ENABLE_DEBUG_INFO = YES;
				ONLY_ACTIVE_ARCH = YES;
				SDKROOT = macosx;
			};
			name = Debug;
		};
		56CFEC2A1EBB3D2900FCE193 /* Release */ = {
			isa = XCBuildConfiguration;
			buildSettings = {
				ALWAYS_SEARCH_USER_PATHS = NO;
				CLANG_ANALYZER_NONNULL = YES;
				CLANG_CXX_LANGUAGE_STANDARD = "gnu++0x";
				CLANG_CXX_LIBRARY = "libc++";
				CLANG_ENABLE_MODULES = YES;
				CLANG_ENABLE_OBJC_ARC = NO;
				CLANG_WARN_BOOL_CONVERSION = YES;
				CLANG_WARN_CONSTANT_CONVERSION = YES;
				CLANG_WARN_DIRECT_OBJC_ISA_USAGE = YES_ERROR;
				CLANG_WARN_DOCUMENTATION_COMMENTS = YES;
				CLANG_WARN_EMPTY_BODY = YES;
				CLANG_WARN_ENUM_CONVERSION = YES;
				CLANG_WARN_INFINITE_RECURSION = YES;
				CLANG_WARN_INT_CONVERSION = YES;
				CLANG_WARN_OBJC_ROOT_CLASS = YES_ERROR;
				CLANG_WARN_SUSPICIOUS_MOVE = YES;
				CLANG_WARN_UNREACHABLE_CODE = YES;
				CLANG_WARN__DUPLICATE_METHOD_MATCH = YES;
				CODE_SIGN_IDENTITY = "-";
				COPY_PHASE_STRIP = NO;
				DEBUG_INFORMATION_FORMAT = "dwarf-with-dsym";
				ENABLE_NS_ASSERTIONS = NO;
				ENABLE_STRICT_OBJC_MSGSEND = YES;
				GCC_C_LANGUAGE_STANDARD = gnu99;
				GCC_NO_COMMON_BLOCKS = YES;
				GCC_WARN_64_TO_32_BIT_CONVERSION = YES;
				GCC_WARN_ABOUT_RETURN_TYPE = YES_ERROR;
				GCC_WARN_UNDECLARED_SELECTOR = YES;
				GCC_WARN_UNINITIALIZED_AUTOS = YES_AGGRESSIVE;
				GCC_WARN_UNUSED_FUNCTION = YES;
				GCC_WARN_UNUSED_VARIABLE = YES;
				MACOSX_DEPLOYMENT_TARGET = 10.12;
				MTL_ENABLE_DEBUG_INFO = NO;
				SDKROOT = macosx;
			};
			name = Release;
		};
		56CFEC2C1EBB3D2900FCE193 /* Debug */ = {
			isa = XCBuildConfiguration;
			buildSettings = {
				MACOSX_DEPLOYMENT_TARGET = 10.9;
				PRODUCT_NAME = "$(TARGET_NAME)";
				SDKROOT = macosx;
			};
			name = Debug;
		};
		56CFEC2D1EBB3D2900FCE193 /* Release */ = {
			isa = XCBuildConfiguration;
			buildSettings = {
				MACOSX_DEPLOYMENT_TARGET = 10.9;
				PRODUCT_NAME = "$(TARGET_NAME)";
				SDKROOT = macosx;
			};
			name = Release;
		};
/* End XCBuildConfiguration section */

/* Begin XCConfigurationList section */
		56CFEC1F1EBB3D2900FCE193 /* Build configuration list for PBXProject "Task03_ObjC" */ = {
			isa = XCConfigurationList;
			buildConfigurations = (
				56CFEC291EBB3D2900FCE193 /* Debug */,
				56CFEC2A1EBB3D2900FCE193 /* Release */,
			);
			defaultConfigurationIsVisible = 0;
			defaultConfigurationName = Release;
		};
		56CFEC2B1EBB3D2900FCE193 /* Build configuration list for PBXNativeTarget "Task03_ObjC" */ = {
			isa = XCConfigurationList;
			buildConfigurations = (
				56CFEC2C1EBB3D2900FCE193 /* Debug */,
				56CFEC2D1EBB3D2900FCE193 /* Release */,
			);
			defaultConfigurationIsVisible = 0;
			defaultConfigurationName = Release;
		};
/* End XCConfigurationList section */
	};
	rootObject = 56CFEC1C1EBB3D2900FCE193 /* Project object */;
}
